{
  "requires": true,
  "lockfileVersion": 1,
  "dependencies": {
    "bootstrap": {
      "version": "4.5.2",
      "resolved": "https://registry.npmjs.org/bootstrap/-/bootstrap-4.5.2.tgz",
      "integrity": "sha512-vlGn0bcySYl/iV+BGA544JkkZP5LB3jsmkeKLFQakCOwCM3AOk7VkldBz4jrzSe+Z0Ezn99NVXa1o45cQY4R6A=="
    },
    "ngx-bootstrap": {
      "version": "5.6.1",
      "resolved": "https://registry.npmjs.org/ngx-bootstrap/-/ngx-bootstrap-5.6.1.tgz",
      "integrity": "sha512-8fDs3VaaWgKpupakPKS0QaUc+1E/JMBGJDxUUODjyIkLtFr1A8vH4cjXiV3AfrPvhK27GH0oyTPyKWKcCjEtVg=="
    }
  }
}
